{
  "name": "adri solo",
  "lockfileVersion": 3,
  "requires": true,
  "packages": {
    "": {
      "dependencies": {
        "@wix/ecom": "^1.0.827",
        "@wix/sdk": "^1.14.3"
      }
    },
    "node_modules/@babel/runtime": {
      "version": "7.26.0",
      "resolved": "https://registry.npmjs.org/@babel/runtime/-/runtime-7.26.0.tgz",
      "integrity": "sha512-FDSOghenHTiToteC/QRlv2q3DhPZ/oOXTBoirfWNx1Cx3TMVcGWQtMMmQcSvb/JjpNeGzx8Pq/b4fKEJuWm1sw==",
      "license": "MIT",
      "dependencies": {
        "regenerator-runtime": "^0.14.0"
      },
      "engines": {
        "node": ">=6.9.0"
      }
    },
    "node_modules/@wix/ecom": {
      "version": "1.0.827",
      "resolved": "https://registry.npmjs.org/@wix/ecom/-/ecom-1.0.827.tgz",
      "integrity": "sha512-DC34fhrqs6p3mvrVzJxl1CeJgoaXFmAnRLg3iWQAcLWT9CqVqKsL3IUdXQyoIAAI2vQ6lrXsHNzQ3jdffP8z3A==",
      "dependencies": {
        "@wix/ecom_abandoned-checkouts": "1.0.55",
        "@wix/ecom_additional-fees": "1.0.35",
        "@wix/ecom_back-in-stock-notifications": "1.0.60",
        "@wix/ecom_back-in-stock-settings": "1.0.44",
        "@wix/ecom_cart": "1.0.100",
        "@wix/ecom_checkout": "1.0.109",
        "@wix/ecom_checkout-content": "1.0.15",
        "@wix/ecom_checkout-settings": "1.0.60",
        "@wix/ecom_checkout-templates": "1.0.107",
        "@wix/ecom_currencies": "1.0.45",
        "@wix/ecom_current-cart": "1.0.100",
        "@wix/ecom_custom-triggers": "1.0.31",
        "@wix/ecom_delivery-profile": "1.0.29",
        "@wix/ecom_delivery-solutions": "1.0.11",
        "@wix/ecom_discount-rules": "1.0.62",
        "@wix/ecom_discounts": "1.0.14",
        "@wix/ecom_discounts-custom-trigger": "1.0.17",
        "@wix/ecom_draft-orders": "1.0.42",
        "@wix/ecom_gift-vouchers": "1.0.12",
        "@wix/ecom_gift-vouchers-provider": "1.0.12",
        "@wix/ecom_local-delivery-options": "1.0.18",
        "@wix/ecom_memberships": "1.0.8",
        "@wix/ecom_order-fulfillments": "1.0.55",
        "@wix/ecom_order-invoices": "1.0.48",
        "@wix/ecom_order-payment-requests": "1.0.20",
        "@wix/ecom_order-transactions": "1.0.77",
        "@wix/ecom_orders": "1.0.145",
        "@wix/ecom_orders-settings": "1.0.54",
        "@wix/ecom_payment-settings": "1.0.73",
        "@wix/ecom_pickup-locations": "1.0.18",
        "@wix/ecom_recommendations": "1.0.52",
        "@wix/ecom_recommendations-provider": "1.0.11",
        "@wix/ecom_shipping-options": "1.0.16",
        "@wix/ecom_shipping-rates": "1.0.53",
        "@wix/ecom_shippo-configurations": "1.0.23",
        "@wix/ecom_subscription-contracts": "1.0.9",
        "@wix/ecom_tip-settings": "1.0.2",
        "@wix/ecom_tippable-staff": "1.0.2",
        "@wix/ecom_tips": "1.0.3",
        "@wix/ecom_totals-calculator": "1.0.21",
        "@wix/ecom_validations": "1.0.44"
      }
    },
    "node_modules/@wix/ecom_abandoned-checkouts": {
      "version": "1.0.55",
      "resolved": "https://registry.npmjs.org/@wix/ecom_abandoned-checkouts/-/ecom_abandoned-checkouts-1.0.55.tgz",
      "integrity": "sha512-KxWAAKhvJOM28xh6Ez7cXydHWaeJ45j2zpsSLLrTpfUwQgGn2x6hHl4rU56uMSpEjUBTBq0raFDypdVaY90jkA==",
      "dependencies": {
        "@wix/sdk-runtime": "^0.3.22",
        "@wix/sdk-types": "^1.12.4"
      }
    },
    "node_modules/@wix/ecom_additional-fees": {
      "version": "1.0.35",
      "resolved": "https://registry.npmjs.org/@wix/ecom_additional-fees/-/ecom_additional-fees-1.0.35.tgz",
      "integrity": "sha512-8cbfSODTav6PnsMEJ35ThWhbZxhY7TryGqUL9LNSK/QzRQ37v6BcDLEWD5KyQL+4DEt0EqD+5PLymkaLxWbhrw==",
      "dependencies": {
        "@wix/sdk-runtime": "^0.3.22",
        "@wix/sdk-types": "^1.12.4"
      }
    },
    "node_modules/@wix/ecom_back-in-stock-notifications": {
      "version": "1.0.60",
      "resolved": "https://registry.npmjs.org/@wix/ecom_back-in-stock-notifications/-/ecom_back-in-stock-notifications-1.0.60.tgz",
      "integrity": "sha512-Fc6g0abeZIWX4Z3v6LIx51ffZKSrtWCxA0EryRQKIyfUvHiFR+zBq0Lkw0ZOA+oWCCC12oY5z6Qu5BgV3Kt4OQ==",
      "dependencies": {
        "@wix/sdk-runtime": "^0.3.22",
        "@wix/sdk-types": "^1.12.4"
      }
    },
    "node_modules/@wix/ecom_back-in-stock-settings": {
      "version": "1.0.44",
      "resolved": "https://registry.npmjs.org/@wix/ecom_back-in-stock-settings/-/ecom_back-in-stock-settings-1.0.44.tgz",
      "integrity": "sha512-l9UsZSlS+AO4ZP7LOTGvx+uBTLbAmSXvngd9ufqvotQj5BXyKIBFfLqqif9/y+jTnEqnJiyNwX+gCG/VTUrEGw==",
      "dependencies": {
        "@wix/sdk-runtime": "^0.3.22",
        "@wix/sdk-types": "^1.12.4"
      }
    },
    "node_modules/@wix/ecom_cart": {
      "version": "1.0.100",
      "resolved": "https://registry.npmjs.org/@wix/ecom_cart/-/ecom_cart-1.0.100.tgz",
      "integrity": "sha512-o6IOO8O9xkfrxZ/56voE5xKeSiM9SAm/8ZHPTMyh0lN84NqAWB02QYXDm/86HAIRxVsYis9c3rdiNaGlo4KV3A==",
      "dependencies": {
        "@wix/sdk-runtime": "^0.3.22",
        "@wix/sdk-types": "^1.12.4"
      }
    },
    "node_modules/@wix/ecom_checkout": {
      "version": "1.0.109",
      "resolved": "https://registry.npmjs.org/@wix/ecom_checkout/-/ecom_checkout-1.0.109.tgz",
      "integrity": "sha512-aP3qfS12RcSxr/9bHUuvAhc7EkwtQh/KGDRfdW0kDhqmxcRXcl18zHy1dzONYAH4ipTk4ehLw2FNbgccWa5/9A==",
      "dependencies": {
        "@wix/sdk-runtime": "^0.3.22",
        "@wix/sdk-types": "^1.12.4"
      }
    },
    "node_modules/@wix/ecom_checkout-content": {
      "version": "1.0.15",
      "resolved": "https://registry.npmjs.org/@wix/ecom_checkout-content/-/ecom_checkout-content-1.0.15.tgz",
      "integrity": "sha512-TxnO5/bjcsh9Fku9BJxbT+rYMI3BULWP5uX8+uuBlk/oziLi2GYwsIVfbpsBisqR7y/c/rsLqs5UgSF1W6Mz6w==",
      "dependencies": {
        "@wix/sdk-runtime": "^0.3.22",
        "@wix/sdk-types": "^1.12.4"
      }
    },
    "node_modules/@wix/ecom_checkout-settings": {
      "version": "1.0.60",
      "resolved": "https://registry.npmjs.org/@wix/ecom_checkout-settings/-/ecom_checkout-settings-1.0.60.tgz",
      "integrity": "sha512-64YFNJ1okGoL2wOMhtJfYEiHD6u6mch2MSo9yuZKALWm4nrjT3kCFa2Ku+mRVLakWlT8796cT31c9XdTSIsFUQ==",
      "dependencies": {
        "@wix/sdk-runtime": "^0.3.22",
        "@wix/sdk-types": "^1.12.4"
      }
    },
    "node_modules/@wix/ecom_checkout-templates": {
      "version": "1.0.107",
      "resolved": "https://registry.npmjs.org/@wix/ecom_checkout-templates/-/ecom_checkout-templates-1.0.107.tgz",
      "integrity": "sha512-IcbhPiuljQJmGTFxdJU4nLuuMzmElEUZNlhW8NA37fopbCPWy0yxTeqmO8LN/3oFarXLy3QYxain/FP5pyBSOw==",
      "dependencies": {
        "@wix/sdk-runtime": "^0.3.22",
        "@wix/sdk-types": "^1.12.4"
      }
    },
    "node_modules/@wix/ecom_currencies": {
      "version": "1.0.45",
      "resolved": "https://registry.npmjs.org/@wix/ecom_currencies/-/ecom_currencies-1.0.45.tgz",
      "integrity": "sha512-0aW8F+2BdCActGiMCyj+yYdY36Fz59MIg1Em86DS9i/UjZNDu/+7zNDSt3f1Au4+EPzqtFfRalPvFyU4SAi3Iw==",
      "dependencies": {
        "@wix/sdk-runtime": "^0.3.22",
        "@wix/sdk-types": "^1.12.4"
      }
    },
    "node_modules/@wix/ecom_current-cart": {
      "version": "1.0.100",
      "resolved": "https://registry.npmjs.org/@wix/ecom_current-cart/-/ecom_current-cart-1.0.100.tgz",
      "integrity": "sha512-6vyuAsebXoNF8JfNkvKAYFiJocd3DcP2glQksE1tscMT26TdKZpKbnVLUYVH/NuNubQQMnTlNbknV2NRh2Fcxw==",
      "dependencies": {
        "@wix/sdk-runtime": "^0.3.22",
        "@wix/sdk-types": "^1.12.4"
      }
    },
    "node_modules/@wix/ecom_custom-triggers": {
      "version": "1.0.31",
      "resolved": "https://registry.npmjs.org/@wix/ecom_custom-triggers/-/ecom_custom-triggers-1.0.31.tgz",
      "integrity": "sha512-AAEdK9t6QAkKuhjLHiFUXAb+sUC+YJjbnWorfcsxyQBC7ODmtoCjb7/TDHqX9sA/3afZ0Ro93KnrRerS/2MLJw==",
      "dependencies": {
        "@wix/sdk-runtime": "^0.3.22",
        "@wix/sdk-types": "^1.12.4"
      }
    },
    "node_modules/@wix/ecom_delivery-profile": {
      "version": "1.0.29",
      "resolved": "https://registry.npmjs.org/@wix/ecom_delivery-profile/-/ecom_delivery-profile-1.0.29.tgz",
      "integrity": "sha512-tcd+lravNCxsQlLLyUN/EbjBYfvTLPJKyZxLUigMJhcpCRDExOnAN8iE6uBpyrjCIqEBFDHnhvmpxeBXESDzvA==",
      "dependencies": {
        "@wix/sdk-runtime": "^0.3.22",
        "@wix/sdk-types": "^1.12.4"
      }
    },
    "node_modules/@wix/ecom_delivery-solutions": {
      "version": "1.0.11",
      "resolved": "https://registry.npmjs.org/@wix/ecom_delivery-solutions/-/ecom_delivery-solutions-1.0.11.tgz",
      "integrity": "sha512-MwgGTviT63saSiM8DHtOKKpCVwiBV/nv/iIejiJ1ih5JAM4GPwP/5cWcHaoP6aH/YwWoda2q17E+CRwlFGQumw==",
      "dependencies": {
        "@wix/sdk-runtime": "^0.3.22",
        "@wix/sdk-types": "^1.12.4"
      }
    },
    "node_modules/@wix/ecom_discount-rules": {
      "version": "1.0.62",
      "resolved": "https://registry.npmjs.org/@wix/ecom_discount-rules/-/ecom_discount-rules-1.0.62.tgz",
      "integrity": "sha512-nhcN183/GQQDaUISfOZqyXoBQdhsnAsCBtvbl4eQzKlW63nKvW3DNlWZzdu9mtzHMdazqYzmDg9ahZ+AKr/+aA==",
      "dependencies": {
        "@wix/sdk-runtime": "^0.3.22",
        "@wix/sdk-types": "^1.12.4"
      }
    },
    "node_modules/@wix/ecom_discounts": {
      "version": "1.0.14",
      "resolved": "https://registry.npmjs.org/@wix/ecom_discounts/-/ecom_discounts-1.0.14.tgz",
      "integrity": "sha512-5vK8PWFJrQnRgoitzzWZZyJLcB9Vdf3JOIUaHx/+Czt4jDvLx5TSliGLAFpLfjUF0PMTQkT+ygWlTM+S14LLHg==",
      "dependencies": {
        "@wix/sdk-runtime": "^0.3.22",
        "@wix/sdk-types": "^1.12.4"
      }
    },
    "node_modules/@wix/ecom_discounts-custom-trigger": {
      "version": "1.0.17",
      "resolved": "https://registry.npmjs.org/@wix/ecom_discounts-custom-trigger/-/ecom_discounts-custom-trigger-1.0.17.tgz",
      "integrity": "sha512-thdrjyIgetx6JhrZZG2V0nQSFgulROlxQ6buPBe8iDv7qRtkkgyJzanLWg5Hi/iWLNA1L9xRGPAj5Rd37fi1gA==",
      "dependencies": {
        "@wix/sdk-runtime": "^0.3.22",
        "@wix/sdk-types": "^1.12.4"
      }
    },
    "node_modules/@wix/ecom_draft-orders": {
      "version": "1.0.42",
      "resolved": "https://registry.npmjs.org/@wix/ecom_draft-orders/-/ecom_draft-orders-1.0.42.tgz",
      "integrity": "sha512-p2lxykOnNm7NaQ0kQIcGCutZVIO4R0IbSrT/ThMrHj9gMfx8Zkf51ser3dsGXYed9p6JWYYj9D2zfuOoiTz6zw==",
      "dependencies": {
        "@wix/sdk-runtime": "^0.3.22",
        "@wix/sdk-types": "^1.12.4"
      }
    },
    "node_modules/@wix/ecom_gift-vouchers": {
      "version": "1.0.12",
      "resolved": "https://registry.npmjs.org/@wix/ecom_gift-vouchers/-/ecom_gift-vouchers-1.0.12.tgz",
      "integrity": "sha512-Empz99neYp4QToA53STYIJ3WZW/lp0TKeSRiR342Drh62FBVeRS8X+zHxM+t/9HqrY2/5i29wzEVysl50ngdaA==",
      "dependencies": {
        "@wix/sdk-runtime": "^0.3.22",
        "@wix/sdk-types": "^1.12.4"
      }
    },
    "node_modules/@wix/ecom_gift-vouchers-provider": {
      "version": "1.0.12",
      "resolved": "https://registry.npmjs.org/@wix/ecom_gift-vouchers-provider/-/ecom_gift-vouchers-provider-1.0.12.tgz",
      "integrity": "sha512-pVjGxUU/GUYhY6gk9+57/bNu7kzdxL6APBKrB5nf9SuwK9QPodAuGRv1+/SGllHZJ4bvpVLaONFJqE9WTy6rpQ==",
      "dependencies": {
        "@wix/sdk-runtime": "^0.3.22",
        "@wix/sdk-types": "^1.12.4"
      }
    },
    "node_modules/@wix/ecom_local-delivery-options": {
      "version": "1.0.18",
      "resolved": "https://registry.npmjs.org/@wix/ecom_local-delivery-options/-/ecom_local-delivery-options-1.0.18.tgz",
      "integrity": "sha512-dLaDpSLViWh0Z+/1M6B3opQSCHTH7cv5rMvWP4CjVgoShjvi09YNXXq9l750vaWT2tBr2d3sMtLXlzrnX3cunQ==",
      "dependencies": {
        "@wix/sdk-runtime": "^0.3.22",
        "@wix/sdk-types": "^1.12.4"
      }
    },
    "node_modules/@wix/ecom_memberships": {
      "version": "1.0.8",
      "resolved": "https://registry.npmjs.org/@wix/ecom_memberships/-/ecom_memberships-1.0.8.tgz",
      "integrity": "sha512-cj1GoZrR/oWgaMmfkqnsXBy/6zsXaFZiBVfQb+VZV6Y8rqEaZZPCYS3NOBvwxODRuxOjB8TxMuE01PJvfwO8kg==",
      "dependencies": {
        "@wix/sdk-runtime": "^0.3.22",
        "@wix/sdk-types": "^1.12.4"
      }
    },
    "node_modules/@wix/ecom_order-fulfillments": {
      "version": "1.0.55",
      "resolved": "https://registry.npmjs.org/@wix/ecom_order-fulfillments/-/ecom_order-fulfillments-1.0.55.tgz",
      "integrity": "sha512-3rEIXjCsfbYWTnHby4RrKRvFNDy7Scsxxz57FFreZBnXVzYVZeechzgizJxTg7103eXaAhfh4lOL0xi+1QkMlA==",
      "dependencies": {
        "@wix/sdk-runtime": "^0.3.22",
        "@wix/sdk-types": "^1.12.4"
      }
    },
    "node_modules/@wix/ecom_order-invoices": {
      "version": "1.0.48",
      "resolved": "https://registry.npmjs.org/@wix/ecom_order-invoices/-/ecom_order-invoices-1.0.48.tgz",
      "integrity": "sha512-C6Q1FxhNTLp0Sd+C8ruKyqD2FCCxl9L5SZrma4q+c37eiT4osORlT5ZEslHmFe+P+13crIkCJPgVRPlMNvPp5w==",
      "dependencies": {
        "@wix/sdk-runtime": "^0.3.22",
        "@wix/sdk-types": "^1.12.4"
      }
    },
    "node_modules/@wix/ecom_order-payment-requests": {
      "version": "1.0.20",
      "resolved": "https://registry.npmjs.org/@wix/ecom_order-payment-requests/-/ecom_order-payment-requests-1.0.20.tgz",
      "integrity": "sha512-aEdwnmH4/a4FWKmoSg+GK6JpDM7w6p/Fpu1nTuqYPkXrfffBJSVQPl/DUbQvi/MGcDgYPNaJcpxQmxlKYWq53g==",
      "dependencies": {
        "@wix/sdk-runtime": "^0.3.22",
        "@wix/sdk-types": "^1.12.4"
      }
    },
    "node_modules/@wix/ecom_order-transactions": {
      "version": "1.0.77",
      "resolved": "https://registry.npmjs.org/@wix/ecom_order-transactions/-/ecom_order-transactions-1.0.77.tgz",
      "integrity": "sha512-TXokA9vgewFuhy0TFfdUN57jYIozPeNjg4FlEAuSvuZCFoR5zEomgU5pRq2TgRGhFZDXxPRfgKymfS2D++04cg==",
      "dependencies": {
        "@wix/sdk-runtime": "^0.3.22",
        "@wix/sdk-types": "^1.12.4"
      }
    },
    "node_modules/@wix/ecom_orders": {
      "version": "1.0.145",
      "resolved": "https://registry.npmjs.org/@wix/ecom_orders/-/ecom_orders-1.0.145.tgz",
      "integrity": "sha512-nOleBOlNatD3veNkZz89vubGGW2scJTHgrUa5ZrwCoCYmx+Kykmh7pEdWez1P3n0v5LPpVxPi13U1sEqiugh7g==",
      "dependencies": {
        "@wix/sdk-runtime": "^0.3.22",
        "@wix/sdk-types": "^1.12.4"
      }
    },
    "node_modules/@wix/ecom_orders-settings": {
      "version": "1.0.54",
      "resolved": "https://registry.npmjs.org/@wix/ecom_orders-settings/-/ecom_orders-settings-1.0.54.tgz",
      "integrity": "sha512-Xl72S6qmfnvQpr+FGjamxYGLT6RexADk0cCPH60cXsGZW0UsEySVI56zUQfA4CbC7/BoGVF2bXVADrNiJqk2Mg==",
      "dependencies": {
        "@wix/sdk-runtime": "^0.3.22",
        "@wix/sdk-types": "^1.12.4"
      }
    },
    "node_modules/@wix/ecom_payment-settings": {
      "version": "1.0.73",
      "resolved": "https://registry.npmjs.org/@wix/ecom_payment-settings/-/ecom_payment-settings-1.0.73.tgz",
      "integrity": "sha512-RKnd7eJlnXzl3AHShVE/1deTtDuTb2RTfV9xbEmnX3NDbySccTGjogTljAOSFRghm1ar1+0Fl8a6OtTh4YrnKg==",
      "dependencies": {
        "@wix/sdk-runtime": "^0.3.22",
        "@wix/sdk-types": "^1.12.4"
      }
    },
    "node_modules/@wix/ecom_pickup-locations": {
      "version": "1.0.18",
      "resolved": "https://registry.npmjs.org/@wix/ecom_pickup-locations/-/ecom_pickup-locations-1.0.18.tgz",
      "integrity": "sha512-VTMfl2WXbcxYlaeJfAOAbre15OP5jwE/nZAtD0NHsnm1Y+vpGYTb2IRYeRPMv2QwaNubSaGxRW0gFa0aZJfkrA==",
      "dependencies": {
        "@wix/sdk-runtime": "^0.3.22",
        "@wix/sdk-types": "^1.12.4"
      }
    },
    "node_modules/@wix/ecom_recommendations": {
      "version": "1.0.52",
      "resolved": "https://registry.npmjs.org/@wix/ecom_recommendations/-/ecom_recommendations-1.0.52.tgz",
      "integrity": "sha512-VegOHYtvULf3dJJwdw72mDzP6LtQs5nV98NTSZ7r0Qe1amUv+dzx1Zo9Pm7c/ogapsUABjHi+mRwK3fExZhDBQ==",
      "dependencies": {
        "@wix/sdk-runtime": "^0.3.22",
        "@wix/sdk-types": "^1.12.4"
      }
    },
    "node_modules/@wix/ecom_recommendations-provider": {
      "version": "1.0.11",
      "resolved": "https://registry.npmjs.org/@wix/ecom_recommendations-provider/-/ecom_recommendations-provider-1.0.11.tgz",
      "integrity": "sha512-RbCGUzW2GGa99rJoT/lC3MGpluSd0oFxpRj58fy2I0a6pRQrWYTwy4BP4saWgGMHwoKSqcSkIwCsxsOQWgga3A==",
      "dependencies": {
        "@wix/sdk-runtime": "^0.3.22",
        "@wix/sdk-types": "^1.12.4"
      }
    },
    "node_modules/@wix/ecom_shipping-options": {
      "version": "1.0.16",
      "resolved": "https://registry.npmjs.org/@wix/ecom_shipping-options/-/ecom_shipping-options-1.0.16.tgz",
      "integrity": "sha512-29QAgojJWRAZSig2Qn56UA5P1kgNRozAfpQ98OAjTtfYPHcpOvZrFAVyPkb5TraTbctM1liqczF0RbBVdKQwcw==",
      "dependencies": {
        "@wix/sdk-runtime": "^0.3.22",
        "@wix/sdk-types": "^1.12.4"
      }
    },
    "node_modules/@wix/ecom_shipping-rates": {
      "version": "1.0.53",
      "resolved": "https://registry.npmjs.org/@wix/ecom_shipping-rates/-/ecom_shipping-rates-1.0.53.tgz",
      "integrity": "sha512-S1Wkb4qsbMwvrnpxpPU2s2Ki9dHv5PyiOciepNZbRR5XP25UYEDqf31tQmxsQHeg2Mv/XbBlzlZTczj82JEP5g==",
      "dependencies": {
        "@wix/sdk-runtime": "^0.3.22",
        "@wix/sdk-types": "^1.12.4"
      }
    },
    "node_modules/@wix/ecom_shippo-configurations": {
      "version": "1.0.23",
      "resolved": "https://registry.npmjs.org/@wix/ecom_shippo-configurations/-/ecom_shippo-configurations-1.0.23.tgz",
      "integrity": "sha512-FWXcOy5s/tXByMIe3QZnFKt5DnREGEnvkB0AT+KXa6JSSz1fwO4XQxFU3f5SHxdFzKl9b2E4lTo3KIAwZkFkZQ==",
      "dependencies": {
        "@wix/sdk-runtime": "^0.3.22",
        "@wix/sdk-types": "^1.12.4"
      }
    },
    "node_modules/@wix/ecom_subscription-contracts": {
      "version": "1.0.9",
      "resolved": "https://registry.npmjs.org/@wix/ecom_subscription-contracts/-/ecom_subscription-contracts-1.0.9.tgz",
      "integrity": "sha512-qS9MmRh/h/FolacsrTRLreSk8Ew7J43qcudIhztlIUip7/LbXJK6+v/bWNycOVcb+9Cl/zM4/llWu5Qkl9B4SQ==",
      "dependencies": {
        "@wix/sdk-runtime": "^0.3.22",
        "@wix/sdk-types": "^1.12.4"
      }
    },
    "node_modules/@wix/ecom_tip-settings": {
      "version": "1.0.2",
      "resolved": "https://registry.npmjs.org/@wix/ecom_tip-settings/-/ecom_tip-settings-1.0.2.tgz",
      "integrity": "sha512-c+VgxXFmpPEQvQhJGe+dTaf/xwJjgbcJItOogyKGY5s70NVxMnxohPwBjOgNHt79HtChvW2TPxj5YL3raZWdTQ==",
      "dependencies": {
        "@wix/sdk-runtime": "^0.3.22",
        "@wix/sdk-types": "^1.12.4"
      }
    },
    "node_modules/@wix/ecom_tippable-staff": {
      "version": "1.0.2",
      "resolved": "https://registry.npmjs.org/@wix/ecom_tippable-staff/-/ecom_tippable-staff-1.0.2.tgz",
      "integrity": "sha512-n+XB/kaB5hrdp7piOXbfOv6tO+NRc6X6w3g7nu8mAi//ihBDnr48Vh3jRbbrbDfriMN4TzYn4F0U6WcEtgbCuw==",
      "dependencies": {
        "@wix/sdk-runtime": "^0.3.22",
        "@wix/sdk-types": "^1.12.4"
      }
    },
    "node_modules/@wix/ecom_tips": {
      "version": "1.0.3",
      "resolved": "https://registry.npmjs.org/@wix/ecom_tips/-/ecom_tips-1.0.3.tgz",
      "integrity": "sha512-AeSHSu7Nh9wye/acjhOVCUo5/8oXl0cQdtn1Y93NBv6OC6f5iIh1zv7oP4NKrfzyNTQB+iKD3++l2Rt0QUTILg==",
      "dependencies": {
        "@wix/sdk-runtime": "^0.3.22",
        "@wix/sdk-types": "^1.12.4"
      }
    },
    "node_modules/@wix/ecom_totals-calculator": {
      "version": "1.0.21",
      "resolved": "https://registry.npmjs.org/@wix/ecom_totals-calculator/-/ecom_totals-calculator-1.0.21.tgz",
      "integrity": "sha512-12TC5bP2g7nWJyknW9f4AVKz33DdN+Dt9NB1xFILpNQ5xanAyGsc63Kf7CNrp8DjAp7mldKehhE+0PDRG3warQ==",
      "dependencies": {
        "@wix/sdk-runtime": "^0.3.22",
        "@wix/sdk-types": "^1.12.4"
      }
    },
    "node_modules/@wix/ecom_validations": {
      "version": "1.0.44",
      "resolved": "https://registry.npmjs.org/@wix/ecom_validations/-/ecom_validations-1.0.44.tgz",
      "integrity": "sha512-dSmzIBenktXuR5ZKtQP7XC1l0UuyZ2+64+ajnUNNgKLFrsLOqKxKvJC+xZY0/OBf72OoBMwEGc0nudIUkzeHGg==",
      "dependencies": {
        "@wix/sdk-runtime": "^0.3.22",
        "@wix/sdk-types": "^1.12.4"
      }
    },
    "node_modules/@wix/identity": {
      "version": "1.0.86",
      "resolved": "https://registry.npmjs.org/@wix/identity/-/identity-1.0.86.tgz",
      "integrity": "sha512-0zXCnRZlIOnTMGigxHKOhPUUfvNbcdsJcxaa6J9th25L+WnTgGl5whPRB9uqo9KCOfacaHz9yeCifnA1B6y6PQ==",
      "dependencies": {
        "@wix/identity_account-invite": "1.0.0",
        "@wix/identity_authentication": "1.0.15",
        "@wix/identity_oauth": "1.0.13",
        "@wix/identity_recovery": "1.0.13",
        "@wix/identity_roles-management": "1.0.0",
        "@wix/identity_site-invite": "1.0.0",
        "@wix/identity_verification": "1.0.13"
      }
    },
    "node_modules/@wix/identity_account-invite": {
      "version": "1.0.0",
      "resolved": "https://registry.npmjs.org/@wix/identity_account-invite/-/identity_account-invite-1.0.0.tgz",
      "integrity": "sha512-EnB2QIqGs41wSykyMWrStxRI7nAzMdze5cfdQ1WCCEkFoQskt668qF8KpyYfor1/d+NXo4/4qHK/SpSFv89MGg==",
      "dependencies": {
        "@wix/sdk-runtime": "^0.3.22",
        "@wix/sdk-types": "^1.12.4"
      }
    },
    "node_modules/@wix/identity_authentication": {
      "version": "1.0.15",
      "resolved": "https://registry.npmjs.org/@wix/identity_authentication/-/identity_authentication-1.0.15.tgz",
      "integrity": "sha512-5yTPe3mtgK7lktym+gPD7BNqErlqUERamKiOk2M9nE5aMf5MAuSQF2y0GSO79ZhrSuDP8UXEZKOn96lH7yhfyQ==",
      "dependencies": {
        "@wix/sdk-runtime": "^0.3.22",
        "@wix/sdk-types": "^1.12.4"
      }
    },
    "node_modules/@wix/identity_oauth": {
      "version": "1.0.13",
      "resolved": "https://registry.npmjs.org/@wix/identity_oauth/-/identity_oauth-1.0.13.tgz",
      "integrity": "sha512-pIRc0pk0aWEuZ5l5FFri/kGp/Osq4CTuk9hZSqE/4HD1JJOoEHgPdk3PliS7r8gVey9ZxTKLUJEVBFL8f7YF7A==",
      "dependencies": {
        "@wix/sdk-runtime": "^0.3.22",
        "@wix/sdk-types": "^1.12.4"
      }
    },
    "node_modules/@wix/identity_recovery": {
      "version": "1.0.13",
      "resolved": "https://registry.npmjs.org/@wix/identity_recovery/-/identity_recovery-1.0.13.tgz",
      "integrity": "sha512-Q0I54sS5bQva6XMbj2Auk+WSTATnNgQmI62MPaDYgemak4zGMnsb9ffucbDaLBim5m15xkc/Lw8CAgu0vCIwIw==",
      "dependencies": {
        "@wix/sdk-runtime": "^0.3.22",
        "@wix/sdk-types": "^1.12.4"
      }
    },
    "node_modules/@wix/identity_roles-management": {
      "version": "1.0.0",
      "resolved": "https://registry.npmjs.org/@wix/identity_roles-management/-/identity_roles-management-1.0.0.tgz",
      "integrity": "sha512-SNn/IWmYcKNYWPHUuZczkswK23To9VoYc4jWdp3bxPe1kZq+IGcPcbY9ooX4AkbUfCiAYL3Pj2sjHctfx2P2cA==",
      "dependencies": {
        "@wix/sdk-runtime": "^0.3.22",
        "@wix/sdk-types": "^1.12.4"
      }
    },
    "node_modules/@wix/identity_site-invite": {
      "version": "1.0.0",
      "resolved": "https://registry.npmjs.org/@wix/identity_site-invite/-/identity_site-invite-1.0.0.tgz",
      "integrity": "sha512-pu7GOQvzuswWrAJmg199FxtGNezRfFnhEKAaxYh1PXEEe+laMbhZXpfVb4sE6ogb5JnJYF6IuyfN+rp8Wbw5kw==",
      "dependencies": {
        "@wix/sdk-runtime": "^0.3.22",
        "@wix/sdk-types": "^1.12.4"
      }
    },
    "node_modules/@wix/identity_verification": {
      "version": "1.0.13",
      "resolved": "https://registry.npmjs.org/@wix/identity_verification/-/identity_verification-1.0.13.tgz",
      "integrity": "sha512-TOVOP7iShDNW0wQ2JmGayKO/67w/jDn2bhNM7zJTn+ayXPAtgoB3lJvT33vHvjx8PmaBt66Tgft2UWYPqVJ5gg==",
      "dependencies": {
        "@wix/sdk-runtime": "^0.3.22",
        "@wix/sdk-types": "^1.12.4"
      }
    },
    "node_modules/@wix/image-kit": {
      "version": "1.93.0",
      "resolved": "https://registry.npmjs.org/@wix/image-kit/-/image-kit-1.93.0.tgz",
      "integrity": "sha512-lDTq63m21yiyH0mNYgMt80K4bN4FwKdzRkXGr1i9UVZ3U/OLxagjJLnfyEtuDYqSm7Kzv8SEDkZz83wK1Anaxw==",
      "license": "MIT",
      "dependencies": {
        "@babel/runtime": "^7.26.0",
        "tslib": "^2.8.1"
      }
    },
    "node_modules/@wix/redirects": {
      "version": "1.0.61",
      "resolved": "https://registry.npmjs.org/@wix/redirects/-/redirects-1.0.61.tgz",
      "integrity": "sha512-qvHd7zfgRYuWaXwRz3Qk6J4sZ2prZK8aG0VT6DjNWIy43vD+xZwMcCi7sSKBymNhyD2VNG044h7+5adSdwKqow==",
      "dependencies": {
        "@wix/redirects_redirects": "1.0.30"
      }
    },
    "node_modules/@wix/redirects_redirects": {
      "version": "1.0.30",
      "resolved": "https://registry.npmjs.org/@wix/redirects_redirects/-/redirects_redirects-1.0.30.tgz",
      "integrity": "sha512-2s1RvqhixjfrWlO9RJ4Y62BzR3BpeJWYXkUT1TdxhKUEl+coAjfrxIWOM9u1xMM991uh4BUOaEuN8oGEDo4lgg==",
      "dependencies": {
        "@wix/sdk-runtime": "^0.3.22",
        "@wix/sdk-types": "^1.12.4"
      }
    },
    "node_modules/@wix/sdk": {
      "version": "1.14.3",
      "resolved": "https://registry.npmjs.org/@wix/sdk/-/sdk-1.14.3.tgz",
      "integrity": "sha512-XTk6ivbYBysg/NtlGBYsGEyjNd7DF00IVG+wpSttXDTFFs1+C9EOaftWHX58xPGpG1nESEWMj/aMwOOtuFn2ZQ==",
      "license": "UNLICENSED",
      "dependencies": {
        "@wix/identity": "^1.0.86",
        "@wix/image-kit": "^1.93.0",
        "@wix/redirects": "^1.0.61",
        "@wix/sdk-context": "^0.0.1",
        "@wix/sdk-runtime": "0.3.23",
        "@wix/sdk-types": "^1.12.4",
        "jose": "^5.9.6",
        "type-fest": "^4.26.1"
      },
      "optionalDependencies": {
        "graphql": "^0.8.0 || ^0.9.0 || ^0.10.0 || ^0.11.0 || ^0.12.0 || ^0.13.0 || ^14.0.0 || ^15.0.0 || ^16.0.0 || ^17.0.0"
      }
    },
    "node_modules/@wix/sdk-context": {
      "version": "0.0.1",
      "resolved": "https://registry.npmjs.org/@wix/sdk-context/-/sdk-context-0.0.1.tgz",
      "integrity": "sha512-ziSzrceUC0KFn4IJIVBn1cXXKrZ49ZKG5tQ6fl+TpontyUw5p/Z4VofFUUsnqNl9JYCpYNTzIXpzwok93Vrl8A==",
      "license": "UNLICENSED"
    },
    "node_modules/@wix/sdk-runtime": {
      "version": "0.3.23",
      "resolved": "https://registry.npmjs.org/@wix/sdk-runtime/-/sdk-runtime-0.3.23.tgz",
      "integrity": "sha512-1H7qJAymrCe6zxMFTqha8UD42eN8fLLn/oJd5KS9FLA3ZfFVMjkDq8yLrzLEtU8BlT6LOtkM0IZS78YlyrURiw==",
      "license": "UNLICENSED",
      "dependencies": {
        "@wix/sdk-context": "^0.0.1",
        "@wix/sdk-types": "^1.12.4"
      }
    },
    "node_modules/@wix/sdk-types": {
      "version": "1.12.4",
      "resolved": "https://registry.npmjs.org/@wix/sdk-types/-/sdk-types-1.12.4.tgz",
      "integrity": "sha512-Y7sV75riuQc67yqKi0msi7V++iU45d6eXHmiavBbmADDJsTilHqWAi0ulqpm4SF2BrrRgybDkgPpGRTHVy9E0g==",
      "license": "UNLICENSED"
    },
    "node_modules/graphql": {
      "version": "16.9.0",
      "resolved": "https://registry.npmjs.org/graphql/-/graphql-16.9.0.tgz",
      "integrity": "sha512-GGTKBX4SD7Wdb8mqeDLni2oaRGYQWjWHGKPQ24ZMnUtKfcsVoiv4uX8+LJr1K6U5VW2Lu1BwJnj7uiori0YtRw==",
      "license": "MIT",
      "optional": true,
      "engines": {
        "node": "^12.22.0 || ^14.16.0 || ^16.0.0 || >=17.0.0"
      }
    },
    "node_modules/jose": {
      "version": "5.9.6",
      "resolved": "https://registry.npmjs.org/jose/-/jose-5.9.6.tgz",
      "integrity": "sha512-AMlnetc9+CV9asI19zHmrgS/WYsWUwCn2R7RzlbJWD7F9eWYUTGyBmU9o6PxngtLGOiDGPRu+Uc4fhKzbpteZQ==",
      "license": "MIT",
      "funding": {
        "url": "https://github.com/sponsors/panva"
      }
    },
    "node_modules/regenerator-runtime": {
      "version": "0.14.1",
      "resolved": "https://registry.npmjs.org/regenerator-runtime/-/regenerator-runtime-0.14.1.tgz",
      "integrity": "sha512-dYnhHh0nJoMfnkZs6GmmhFknAGRrLznOu5nc9ML+EJxGvrx6H7teuevqVqCuPcPK//3eDrrjQhehXVx9cnkGdw==",
      "license": "MIT"
    },
    "node_modules/tslib": {
      "version": "2.8.1",
      "resolved": "https://registry.npmjs.org/tslib/-/tslib-2.8.1.tgz",
      "integrity": "sha512-oJFu94HQb+KVduSUQL7wnpmqnfmLsOA/nAh6b6EH0wCEoK0/mPeXU6c3wKDV83MkOuHPRHtSXKKU99IBazS/2w==",
      "license": "0BSD"
    },
    "node_modules/type-fest": {
      "version": "4.27.0",
      "resolved": "https://registry.npmjs.org/type-fest/-/type-fest-4.27.0.tgz",
      "integrity": "sha512-3IMSWgP7C5KSQqmo1wjhKrwsvXAtF33jO3QY+Uy++ia7hqvgSK6iXbbg5PbDBc1P2ZbNEDgejOrN4YooXvhwCw==",
      "license": "(MIT OR CC0-1.0)",
      "engines": {
        "node": ">=16"
      },
      "funding": {
        "url": "https://github.com/sponsors/sindresorhus"
      }
    }
  }
}
